
Microsoft Visual Studio Solution File, Format Version 12.00
# Visual Studio Version 16
VisualStudioVersion = 16.0.30804.86
MinimumVisualStudioVersion = 10.0.40219.1
Project("{FAE04EC0-301F-11D3-BF4B-00C04F79EFBC}") = "DotNetMvcApp", "src\DotNetMvcApp\DotNetMvcApp.csproj", "{6AED6038-950D-40C6-BA73-901D65A82A20}"
EndProject
Project("{9A19103F-16F7-4668-BE54-9A1E7A4F7556}") = "AspNetCoreApi", "src\AspNetCoreApi\AspNetCoreApi.csproj", "{40487050-9B55-42B7-8726-4D3BB833862B}"
EndProject
Project("{FAE04EC0-301F-11D3-BF4B-00C04F79EFBC}") = "Net5Api", "src\Net5Api\Net5Api.csproj", "{DF0B7DA9-8693-4A9E-A283-747F1C798CCD}"
EndProject
Global
	GlobalSection(SolutionConfigurationPlatforms) = preSolution
		Debug|Any CPU = Debug|Any CPU
		Release|Any CPU = Release|Any CPU
	EndGlobalSection
	GlobalSection(ProjectConfigurationPlatforms) = postSolution
		{6AED6038-950D-40C6-BA73-901D65A82A20}.Debug|Any CPU.ActiveCfg = Debug|Any CPU
		{6AED6038-950D-40C6-BA73-901D65A82A20}.Debug|Any CPU.Build.0 = Debug|Any CPU
		{6AED6038-950D-40C6-BA73-901D65A82A20}.Release|Any CPU.ActiveCfg = Release|Any CPU
		{6AED6038-950D-40C6-BA73-901D65A82A20}.Release|Any CPU.Build.0 = Release|Any CPU
		{40487050-9B55-42B7-8726-4D3BB833862B}.Debug|Any CPU.ActiveCfg = Debug|Any CPU
		{40487050-9B55-42B7-8726-4D3BB833862B}.Debug|Any CPU.Build.0 = Debug|Any CPU
		{40487050-9B55-42B7-8726-4D3BB833862B}.Release|Any CPU.ActiveCfg = Release|Any CPU
		{40487050-9B55-42B7-8726-4D3BB833862B}.Release|Any CPU.Build.0 = Release|Any CPU
		{DF0B7DA9-8693-4A9E-A283-747F1C798CCD}.Debug|Any CPU.ActiveCfg = Debug|Any CPU
		{DF0B7DA9-8693-4A9E-A283-747F1C798CCD}.Debug|Any CPU.Build.0 = Debug|Any CPU
		{DF0B7DA9-8693-4A9E-A283-747F1C798CCD}.Release|Any CPU.ActiveCfg = Release|Any CPU
		{DF0B7DA9-8693-4A9E-A283-747F1C798CCD}.Release|Any CPU.Build.0 = Release|Any CPU
	EndGlobalSection
	GlobalSection(SolutionProperties) = preSolution
		HideSolutionNode = FALSE
	EndGlobalSection
	GlobalSection(ExtensibilityGlobals) = postSolution
		SolutionGuid = {33785794-5ECE-4EBC-A90C-413597143358}
	EndGlobalSection
EndGlobal
